# THIS IS AN AUTOGENERATED FILE. DO NOT EDIT THIS FILE DIRECTLY.
# yarn lockfile v1


timesub@^1.1.1:
  version "1.1.1"
  resolved "https://registry.yarnpkg.com/timesub/-/timesub-1.1.1.tgz#6b3580ca71589f5d9ed5a8ed5b73fc6bca56b9d8"
  integrity sha512-f8RJdl/2+PNKcH0mUkTASzeRzk9FWJO3q8Lm+1FkTXRgR9usTsjs3J2Wo+nk96x148Z3Qc/fDCrKrOOvOgi86g==

typescript@^4.3.4:
  version "4.3.4"
  resolved "https://registry.yarnpkg.com/typescript/-/typescript-4.3.4.tgz#3f85b986945bcf31071decdd96cf8bfa65f9dcbc"
  integrity sha512-uauPG7XZn9F/mo+7MrsRjyvbxFpzemRjKEZXS4AK83oP2KKOJPvb+9cO/gmnv8arWZvhnjVOXz7B49m1l0e9Ew==
